
Microsoft Visual Studio Solution File, Format Version 12.00
# Visual Studio 15
VisualStudioVersion = 15.0.27428.2037
MinimumVisualStudioVersion = 10.0.40219.1
Project("{FAE04EC0-301F-11D3-BF4B-00C04F79EFBC}") = "sanke", "sanke\sanke.csproj", "{27A5B2A3-B8C3-43D7-925D-1CFCABCAB374}"
EndProject
Global
	GlobalSection(SolutionConfigurationPlatforms) = preSolution
		Debug|Any CPU = Debug|Any CPU
		Release|Any CPU = Release|Any CPU
	EndGlobalSection
	GlobalSection(ProjectConfigurationPlatforms) = postSolution
		{27A5B2A3-B8C3-43D7-925D-1CFCABCAB374}.Debug|Any CPU.ActiveCfg = Debug|Any CPU
		{27A5B2A3-B8C3-43D7-925D-1CFCABCAB374}.Debug|Any CPU.Build.0 = Debug|Any CPU
		{27A5B2A3-B8C3-43D7-925D-1CFCABCAB374}.Release|Any CPU.ActiveCfg = Release|Any CPU
		{27A5B2A3-B8C3-43D7-925D-1CFCABCAB374}.Release|Any CPU.Build.0 = Release|Any CPU
	EndGlobalSection
	GlobalSection(SolutionProperties) = preSolution
		HideSolutionNode = FALSE
	EndGlobalSection
	GlobalSection(ExtensibilityGlobals) = postSolution
		SolutionGuid = {FB67723B-1C84-43A6-B83D-A03D83FF7A0D}
	EndGlobalSection
EndGlobal
